
Microsoft Visual Studio Solution File, Format Version 12.00
# Visual Studio Version 17
VisualStudioVersion = 17.12.35707.178
MinimumVisualStudioVersion = 10.0.40219.1
Project("{FAE04EC0-301F-11D3-BF4B-00C04F79EFBC}") = "ABCRetailers", "ABCRetailers.csproj", "{73BA76F8-7DC4-43F5-AAB1-12DD0B49E4F4}"
EndProject
Project("{FAE04EC0-301F-11D3-BF4B-00C04F79EFBC}") = "ABCRetailers.Functions1", "..\..\ABCRetailers\ABCRetailers.Functions\ABCRetailers.Functions1.csproj", "{9232C24B-71A5-C5A7-6265-D11ACD650351}"
EndProject
Global
	GlobalSection(SolutionConfigurationPlatforms) = preSolution
		Debug|Any CPU = Debug|Any CPU
		Release|Any CPU = Release|Any CPU
	EndGlobalSection
	GlobalSection(ProjectConfigurationPlatforms) = postSolution
		{73BA76F8-7DC4-43F5-AAB1-12DD0B49E4F4}.Debug|Any CPU.ActiveCfg = Debug|Any CPU
		{73BA76F8-7DC4-43F5-AAB1-12DD0B49E4F4}.Debug|Any CPU.Build.0 = Debug|Any CPU
		{73BA76F8-7DC4-43F5-AAB1-12DD0B49E4F4}.Release|Any CPU.ActiveCfg = Release|Any CPU
		{73BA76F8-7DC4-43F5-AAB1-12DD0B49E4F4}.Release|Any CPU.Build.0 = Release|Any CPU
		{9232C24B-71A5-C5A7-6265-D11ACD650351}.Debug|Any CPU.ActiveCfg = Debug|Any CPU
		{9232C24B-71A5-C5A7-6265-D11ACD650351}.Debug|Any CPU.Build.0 = Debug|Any CPU
		{9232C24B-71A5-C5A7-6265-D11ACD650351}.Release|Any CPU.ActiveCfg = Release|Any CPU
		{9232C24B-71A5-C5A7-6265-D11ACD650351}.Release|Any CPU.Build.0 = Release|Any CPU
	EndGlobalSection
	GlobalSection(SolutionProperties) = preSolution
		HideSolutionNode = FALSE
	EndGlobalSection
	GlobalSection(ExtensibilityGlobals) = postSolution
		SolutionGuid = {DE21909E-6799-4056-9919-4CB604927A03}
	EndGlobalSection
EndGlobal
